
Microsoft Visual Studio Solution File, Format Version 12.00
# Visual Studio 2017
Project("{FAE04EC0-301F-11D3-BF4B-00C04F79EFBC}") = "EnderVisualVR", "EnderVisualVR.csproj", "{81887C2A-5ABF-5654-EEA4-3BDDB80B5031}"
EndProject
Project("{FAE04EC0-301F-11D3-BF4B-00C04F79EFBC}") = "EnderVisualVR.Editor", "EnderVisualVR.Editor.csproj", "{BFF51BF2-2EC4-38F3-E70E-0D7443FF8141}"
EndProject
Global
	GlobalSection(SolutionConfigurationPlatforms) = preSolution
		Debug|Any CPU = Debug|Any CPU
		Release|Any CPU = Release|Any CPU
	EndGlobalSection
	GlobalSection(ProjectConfigurationPlatforms) = postSolution
		{81887C2A-5ABF-5654-EEA4-3BDDB80B5031}.Debug|Any CPU.ActiveCfg = Debug|Any CPU
		{81887C2A-5ABF-5654-EEA4-3BDDB80B5031}.Debug|Any CPU.Build.0 = Debug|Any CPU
		{81887C2A-5ABF-5654-EEA4-3BDDB80B5031}.Release|Any CPU.ActiveCfg = Release|Any CPU
		{81887C2A-5ABF-5654-EEA4-3BDDB80B5031}.Release|Any CPU.Build.0 = Release|Any CPU
		{BFF51BF2-2EC4-38F3-E70E-0D7443FF8141}.Debug|Any CPU.ActiveCfg = Debug|Any CPU
		{BFF51BF2-2EC4-38F3-E70E-0D7443FF8141}.Debug|Any CPU.Build.0 = Debug|Any CPU
		{BFF51BF2-2EC4-38F3-E70E-0D7443FF8141}.Release|Any CPU.ActiveCfg = Release|Any CPU
		{BFF51BF2-2EC4-38F3-E70E-0D7443FF8141}.Release|Any CPU.Build.0 = Release|Any CPU
	EndGlobalSection
	GlobalSection(SolutionProperties) = preSolution
		HideSolutionNode = FALSE
	EndGlobalSection
EndGlobal
